
Microsoft Visual Studio Solution File, Format Version 12.00
# Visual Studio 14
VisualStudioVersion = 14.0.23107.0
MinimumVisualStudioVersion = 10.0.40219.1
Project("{FAE04EC0-301F-11D3-BF4B-00C04F79EFBC}") = "Unicorn.Remote", "src\Unicorn.Remote\Unicorn.Remote.csproj", "{8C9B449C-D0DC-4263-B961-8D398A36D912}"
EndProject
Project("{FAE04EC0-301F-11D3-BF4B-00C04F79EFBC}") = "Unicorn.VS", "src\Unicorn.VS\Unicorn.VS.csproj", "{5A3F6A3F-92CA-4F6E-98A3-89963B99FC9F}"
EndProject
Global
	GlobalSection(SolutionConfigurationPlatforms) = preSolution
		Debug|Any CPU = Debug|Any CPU
		Release|Any CPU = Release|Any CPU
	EndGlobalSection
	GlobalSection(ProjectConfigurationPlatforms) = postSolution
		{8C9B449C-D0DC-4263-B961-8D398A36D912}.Debug|Any CPU.ActiveCfg = Debug|Any CPU
		{8C9B449C-D0DC-4263-B961-8D398A36D912}.Debug|Any CPU.Build.0 = Debug|Any CPU
		{8C9B449C-D0DC-4263-B961-8D398A36D912}.Release|Any CPU.ActiveCfg = Release|Any CPU
		{8C9B449C-D0DC-4263-B961-8D398A36D912}.Release|Any CPU.Build.0 = Release|Any CPU
		{5A3F6A3F-92CA-4F6E-98A3-89963B99FC9F}.Debug|Any CPU.ActiveCfg = Debug|Any CPU
		{5A3F6A3F-92CA-4F6E-98A3-89963B99FC9F}.Debug|Any CPU.Build.0 = Debug|Any CPU
		{5A3F6A3F-92CA-4F6E-98A3-89963B99FC9F}.Release|Any CPU.ActiveCfg = Release|Any CPU
		{5A3F6A3F-92CA-4F6E-98A3-89963B99FC9F}.Release|Any CPU.Build.0 = Release|Any CPU
	EndGlobalSection
	GlobalSection(SolutionProperties) = preSolution
		HideSolutionNode = FALSE
	EndGlobalSection
EndGlobal
